
Microsoft Visual Studio Solution File, Format Version 12.00
# Visual Studio Version 17
VisualStudioVersion = 17.4.33213.308
MinimumVisualStudioVersion = 10.0.40219.1
Project("{FAE04EC0-301F-11D3-BF4B-00C04F79EFBC}") = "QLTV", "LibraryManagement\QLTV.csproj", "{6CD1110E-D107-4BBB-977F-61606A725123}"
EndProject
Project("{9A19103F-16F7-4668-BE54-9A1E7A4F7556}") = "QLTV.BUS", "Library.BUS\QLTV.BUS.csproj", "{145E0B30-DBDD-4753-ABEF-2E3901AAE025}"
EndProject
Project("{9A19103F-16F7-4668-BE54-9A1E7A4F7556}") = "QLTV.DAO", "Library.DAO\QLTV.DAO.csproj", "{0358EE21-7D89-4C7C-A99F-282EDADA66F8}"
EndProject
Project("{9A19103F-16F7-4668-BE54-9A1E7A4F7556}") = "QLTV.DTO", "Library.DTO\QLTV.DTO.csproj", "{EE1C4AC0-105F-4076-AD03-D471EFC4CA8D}"
EndProject
Project("{FAE04EC0-301F-11D3-BF4B-00C04F79EFBC}") = "QLTV.Utils", "Utils\QLTV.Utils.csproj", "{D8E8A5E7-CF73-472D-96BA-A93F0A956871}"
EndProject
Global
	GlobalSection(SolutionConfigurationPlatforms) = preSolution
		Debug|Any CPU = Debug|Any CPU
		Release|Any CPU = Release|Any CPU
	EndGlobalSection
	GlobalSection(ProjectConfigurationPlatforms) = postSolution
		{6CD1110E-D107-4BBB-977F-61606A725123}.Debug|Any CPU.ActiveCfg = Debug|Any CPU
		{6CD1110E-D107-4BBB-977F-61606A725123}.Debug|Any CPU.Build.0 = Debug|Any CPU
		{6CD1110E-D107-4BBB-977F-61606A725123}.Release|Any CPU.ActiveCfg = Release|Any CPU
		{6CD1110E-D107-4BBB-977F-61606A725123}.Release|Any CPU.Build.0 = Release|Any CPU
		{145E0B30-DBDD-4753-ABEF-2E3901AAE025}.Debug|Any CPU.ActiveCfg = Debug|Any CPU
		{145E0B30-DBDD-4753-ABEF-2E3901AAE025}.Debug|Any CPU.Build.0 = Debug|Any CPU
		{145E0B30-DBDD-4753-ABEF-2E3901AAE025}.Release|Any CPU.ActiveCfg = Release|Any CPU
		{145E0B30-DBDD-4753-ABEF-2E3901AAE025}.Release|Any CPU.Build.0 = Release|Any CPU
		{0358EE21-7D89-4C7C-A99F-282EDADA66F8}.Debug|Any CPU.ActiveCfg = Debug|Any CPU
		{0358EE21-7D89-4C7C-A99F-282EDADA66F8}.Debug|Any CPU.Build.0 = Debug|Any CPU
		{0358EE21-7D89-4C7C-A99F-282EDADA66F8}.Release|Any CPU.ActiveCfg = Release|Any CPU
		{0358EE21-7D89-4C7C-A99F-282EDADA66F8}.Release|Any CPU.Build.0 = Release|Any CPU
		{EE1C4AC0-105F-4076-AD03-D471EFC4CA8D}.Debug|Any CPU.ActiveCfg = Debug|Any CPU
		{EE1C4AC0-105F-4076-AD03-D471EFC4CA8D}.Debug|Any CPU.Build.0 = Debug|Any CPU
		{EE1C4AC0-105F-4076-AD03-D471EFC4CA8D}.Release|Any CPU.ActiveCfg = Release|Any CPU
		{EE1C4AC0-105F-4076-AD03-D471EFC4CA8D}.Release|Any CPU.Build.0 = Release|Any CPU
		{D8E8A5E7-CF73-472D-96BA-A93F0A956871}.Debug|Any CPU.ActiveCfg = Debug|Any CPU
		{D8E8A5E7-CF73-472D-96BA-A93F0A956871}.Debug|Any CPU.Build.0 = Debug|Any CPU
		{D8E8A5E7-CF73-472D-96BA-A93F0A956871}.Release|Any CPU.ActiveCfg = Release|Any CPU
		{D8E8A5E7-CF73-472D-96BA-A93F0A956871}.Release|Any CPU.Build.0 = Release|Any CPU
	EndGlobalSection
	GlobalSection(SolutionProperties) = preSolution
		HideSolutionNode = FALSE
	EndGlobalSection
	GlobalSection(ExtensibilityGlobals) = postSolution
		SolutionGuid = {766591BA-DC04-461A-B5D5-1C9122FA5FB9}
	EndGlobalSection
EndGlobal
